{
  "name": "trademe-playwright-automation",
  "lockfileVersion": 3,
  "requires": true,
  "packages": {
    "": {
      "name": "trademe-playwright-automation",
      "version": "1.0.0",
      "devDependencies": {
        "@playwright/test": "1.41.2",
        "@types/node": "20.11.17",
        "typescript": "5.3.3"
      }
    },
    "node_modules/@playwright/test": {
      "version": "1.41.2",
      "resolved": "https://registry.npmjs.org/@playwright/test/-/test-1.41.2.tgz",
      "integrity": "sha512-qQB9h7KbibJzrDpkXkYvsmiDJK14FULCCZgEcoe2AvFAS64oCirWTwzTlAYEbKaRxWs5TFesE1Na6izMv3HfGg==",
      "dev": true,
      "dependencies": {
        "playwright": "1.41.2"
      },
      "bin": {
        "playwright": "cli.js"
      },
      "engines": {
        "node": ">=16"
      }
    },
    "node_modules/@types/node": {
      "version": "20.11.17",
      "resolved": "https://registry.npmjs.org/@types/node/-/node-20.11.17.tgz",
      "integrity": "sha512-eh9WErW3HGvn49ZQkrZN4MQoRCIK1f5w7pwRwG3IiAoOjOoHPe87a8gYDkOl+F4ug/VQJVyztGJbpnEHSEFfYA==",
      "dev": true,
      "dependencies": {
        "undici-types": "~5.26.4"
      }
    },
    "node_modules/playwright": {
      "version": "1.41.2",
      "resolved": "https://registry.npmjs.org/playwright/-/playwright-1.41.2.tgz",
      "integrity": "sha512-v0bOa6H2GJChDL8pAeLa/LZC4feoAMbSQm1/jF/ySsWWoaNItvrMP7GEkvEEFyCTUYKMxjQKaTSg5up7nR6/8A==",
      "dev": true,
      "dependencies": {
        "playwright-core": "1.41.2"
      },
      "bin": {
        "playwright": "cli.js"
      },
      "engines": {
        "node": ">=16"
      },
      "optionalDependencies": {
        "playwright-chromium": "1.41.2",
        "playwright-firefox": "1.41.2",
        "playwright-webkit": "1.41.2"
      }
    },
    "node_modules/playwright-core": {
      "version": "1.41.2",
      "resolved": "https://registry.npmjs.org/playwright-core/-/playwright-core-1.41.2.tgz",
      "integrity": "sha512-VaTvwCA4Y8kxEe+kfm2+uUUw5Lubf38RWSMdICBTLa7weW/XeW6vyXXYvAmgaAVwZn5ZaGtludOTiDnipibfdw==",
      "dev": true,
      "bin": {
        "playwright-core": "cli.js"
      },
      "engines": {
        "node": ">=16"
      }
    },
    "node_modules/playwright-chromium": {
      "version": "1.41.2",
      "resolved": "https://registry.npmjs.org/playwright-chromium/-/playwright-chromium-1.41.2.tgz",
      "integrity": "sha512-ErTa5f4co5H+pVaWqE4qxW3P3wyGxZZa8VppevDbC6l/aZIwlCDm0DqY7OIJGvIKU1ppH+d7+EnP2W5HbhTLWQ==",
      "dev": true,
      "engines": {
        "node": ">=16"
      }
    },
    "node_modules/playwright-firefox": {
      "version": "1.41.2",
      "resolved": "https://registry.npmjs.org/playwright-firefox/-/playwright-firefox-1.41.2.tgz",
      "integrity": "sha512-lq9zEyIRUQYYPAhP3L8ldfKFZ3GJfUqgNrq9NEG/7xqFugPh8d6lCMBp7gV68n0UBFTK8/xYO8NqOCyAu/sSvw==",
      "dev": true,
      "engines": {
        "node": ">=16"
      }
    },
    "node_modules/playwright-webkit": {
      "version": "1.41.2",
      "resolved": "https://registry.npmjs.org/playwright-webkit/-/playwright-webkit-1.41.2.tgz",
      "integrity": "sha512-uf5fYD0eOo0jTp8ahW5nmaM90NZFCRGqNLBVTrsJUoT4oJj0L8XjKN6Vw6bF0Jvs7eT0DWJOhFUoxR2abGt8ow==",
      "dev": true,
      "engines": {
        "node": ">=16"
      }
    },
    "node_modules/typescript": {
      "version": "5.3.3",
      "resolved": "https://registry.npmjs.org/typescript/-/typescript-5.3.3.tgz",
      "integrity": "sha512-pXWcraxM0uxAS+tN0AG/BF2TyqmHO014Z070UsJ+pFvYuRSq8KH8DmWpnbXe0pEPDHXZV3FcAbJkijJ5oNEnWw==",
      "dev": true,
      "bin": {
        "tsc": "bin/tsc",
        "tsserver": "bin/tsserver"
      },
      "engines": {
        "node": ">=14.17"
      }
    },
    "node_modules/undici-types": {
      "version": "5.26.5",
      "resolved": "https://registry.npmjs.org/undici-types/-/undici-types-5.26.5.tgz",
      "integrity": "sha512-JlCMO+ehdEIKqlFxk6IfVoAUVmgz7cU7zD/h9XZ0qzeosSHmUJVOzSQvvYSYWXkFXC+IfLKSIffhv0sVZup6pA==",
      "dev": true
    }
  }
}
